{
  "name": "chatbotbase-konversationprovider",
  "version": "1.0.0",
  "lockfileVersion": 1,
  "requires": true,
  "dependencies": {
    "chatbotbase": {
      "version": "file:../ChatbotBase/chatbotbase-1.0.0.tgz",
      "integrity": "sha512-TgoExLhM0yG+Vess39dhL9hNLHdIDYUeacl/3mCwDFpE0glvq7DOAOG4F/kxFhUjeL20WnSCBbHdn57jW6RpHg==",
      "requires": {
        "path": "^0.12.7",
        "sprintf-js": "^1.1.2"
      }
    },
    "inherits": {
      "version": "2.0.3",
      "resolved": "https://registry.npmjs.org/inherits/-/inherits-2.0.3.tgz",
      "integrity": "sha1-Yzwsg+PaQqUC9SRmAiSA9CCCYd4="
    },
    "konversation": {
      "version": "1.0.0",
      "resolved": "https://registry.npmjs.org/konversation/-/konversation-1.0.0.tgz",
      "integrity": "sha512-lp2/j93JWqgM0tiYXY5l2hxeQNy/cXO5IZheGlxR0qA5KgqlV+usG4HGMDFbGRG56xXQNNZXGjI896r9H47aug==",
      "requires": {
        "kotlin": "^1.3.11",
        "sprintf-js": "^1.1.2"
      }
    },
    "kotlin": {
      "version": "1.3.21",
      "resolved": "https://registry.npmjs.org/kotlin/-/kotlin-1.3.21.tgz",
      "integrity": "sha512-JqxY9quNzwWl8iYvNj/ycfNBEbSFDKvmeK2rDVU89q0/X8BRjVzibJ5RFOq/9efvvvi+VBnIRhL7GSOGzmP2nQ=="
    },
    "path": {
      "version": "0.12.7",
      "resolved": "https://registry.npmjs.org/path/-/path-0.12.7.tgz",
      "integrity": "sha1-1NwqUGxM4hl+tIHr/NWzbAFAsQ8=",
      "requires": {
        "process": "^0.11.1",
        "util": "^0.10.3"
      }
    },
    "process": {
      "version": "0.11.10",
      "resolved": "https://registry.npmjs.org/process/-/process-0.11.10.tgz",
      "integrity": "sha1-czIwDoQBYb2j5podHZGn1LwW8YI="
    },
    "sprintf-js": {
      "version": "1.1.2",
      "resolved": "https://registry.npmjs.org/sprintf-js/-/sprintf-js-1.1.2.tgz",
      "integrity": "sha512-VE0SOVEHCk7Qc8ulkWw3ntAzXuqf7S2lvwQaDLRnUeIEaKNQJzV6BwmLKhOqT61aGhfUMrXeaBk+oDGCzvhcug=="
    },
    "util": {
      "version": "0.10.4",
      "resolved": "https://registry.npmjs.org/util/-/util-0.10.4.tgz",
      "integrity": "sha512-0Pm9hTQ3se5ll1XihRic3FDIku70C+iHUdT/W926rSgHV5QgXsYbKZN8MSC3tJtSkhuROzvsQjAaFENRXr+19A==",
      "requires": {
        "inherits": "2.0.3"
      }
    }
  }
}
